
Microsoft Visual Studio Solution File, Format Version 12.00
# Visual Studio Version 17
VisualStudioVersion = 17.5.002.0
MinimumVisualStudioVersion = 10.0.40219.1
Project("{9A19103F-16F7-4668-BE54-9A1E7A4F7556}") = "Worker", "worker\Worker.csproj", "{6C81C27E-2301-4CC0-A590-897C03C4E764}"
EndProject
Global
	GlobalSection(SolutionConfigurationPlatforms) = preSolution
		Debug|Any CPU = Debug|Any CPU
		Release|Any CPU = Release|Any CPU
	EndGlobalSection
	GlobalSection(ProjectConfigurationPlatforms) = postSolution
		{6C81C27E-2301-4CC0-A590-897C03C4E764}.Debug|Any CPU.ActiveCfg = Debug|Any CPU
		{6C81C27E-2301-4CC0-A590-897C03C4E764}.Debug|Any CPU.Build.0 = Debug|Any CPU
		{6C81C27E-2301-4CC0-A590-897C03C4E764}.Release|Any CPU.ActiveCfg = Release|Any CPU
		{6C81C27E-2301-4CC0-A590-897C03C4E764}.Release|Any CPU.Build.0 = Release|Any CPU
	EndGlobalSection
	GlobalSection(SolutionProperties) = preSolution
		HideSolutionNode = FALSE
	EndGlobalSection
	GlobalSection(ExtensibilityGlobals) = postSolution
		SolutionGuid = {B1E5C644-BFAE-4039-A024-0A143F48B970}
	EndGlobalSection
EndGlobal
